{
  "version": "4",
  "specifiers": {
    "npm:@types/node@*": "22.5.4",
    "npm:axios@*": "1.7.9",
    "npm:https@*": "1.0.0"
  },
  "npm": {
    "@types/node@22.5.4": {
      "integrity": "sha512-FDuKUJQm/ju9fT/SeX/6+gBzoPzlVCzfzmGkwKvRHQVxi4BntVbyIwf6a4Xn62mrvndLiml6z/UBXIdEVjQLXg==",
      "dependencies": [
        "undici-types"
      ]
    },
    "asynckit@0.4.0": {
      "integrity": "sha512-Oei9OH4tRh0YqU3GxhX79dM/mwVgvbZJaSNaRk+bshkj0S5cfHcgYakreBjrHwatXKbz+IoIdYLxrKim2MjW0Q=="
    },
    "axios@1.7.9": {
      "integrity": "sha512-LhLcE7Hbiryz8oMDdDptSrWowmB4Bl6RCt6sIJKpRB4XtVf0iEgewX3au/pJqm+Py1kCASkb/FFKjxQaLtxJvw==",
      "dependencies": [
        "follow-redirects",
        "form-data",
        "proxy-from-env"
      ]
    },
    "combined-stream@1.0.8": {
      "integrity": "sha512-FQN4MRfuJeHf7cBbBMJFXhKSDq+2kAArBlmRBvcvFE5BB1HZKXtSFASDhdlz9zOYwxh8lDdnvmMOe/+5cdoEdg==",
      "dependencies": [
        "delayed-stream"
      ]
    },
    "delayed-stream@1.0.0": {
      "integrity": "sha512-ZySD7Nf91aLB0RxL4KGrKHBXl7Eds1DAmEdcoVawXnLD7SDhpNgtuII2aAkg7a7QS41jxPSZ17p4VdGnMHk3MQ=="
    },
    "follow-redirects@1.15.9": {
      "integrity": "sha512-gew4GsXizNgdoRyqmyfMHyAmXsZDk6mHkSxZFCzW9gwlbtOW44CDtYavM+y+72qD/Vq2l550kMF52DT8fOLJqQ=="
    },
    "form-data@4.0.1": {
      "integrity": "sha512-tzN8e4TX8+kkxGPK8D5u0FNmjPUjw3lwC9lSLxxoB/+GtsJG91CO8bSWy73APlgAZzZbXEYZJuxjkHH2w+Ezhw==",
      "dependencies": [
        "asynckit",
        "combined-stream",
        "mime-types"
      ]
    },
    "https@1.0.0": {
      "integrity": "sha512-4EC57ddXrkaF0x83Oj8sM6SLQHAWXw90Skqu2M4AEWENZ3F02dFJE/GARA8igO79tcgYqGrD7ae4f5L3um2lgg=="
    },
    "mime-db@1.52.0": {
      "integrity": "sha512-sPU4uV7dYlvtWJxwwxHD0PuihVNiE7TyAbQ5SWxDCB9mUYvOgroQOwYQQOKPJ8CIbE+1ETVlOoK1UC2nU3gYvg=="
    },
    "mime-types@2.1.35": {
      "integrity": "sha512-ZDY+bPm5zTTF+YpCrAU9nK0UgICYPT0QtT1NZWFv4s++TNkcgVaT0g6+4R2uI4MjQjzysHB1zxuWL50hzaeXiw==",
      "dependencies": [
        "mime-db"
      ]
    },
    "proxy-from-env@1.1.0": {
      "integrity": "sha512-D+zkORCbA9f1tdWRK0RaCR3GPv50cMxcrz4X8k5LTSUD1Dkw47mKJEZQNunItRTkWwgtaUSo1RVFRIG9ZXiFYg=="
    },
    "undici-types@6.19.8": {
      "integrity": "sha512-ve2KP6f/JnbPBFyobGHuerC9g1FYGn/F8n1LWTwNxCEzd6IfqTwUQcNXgEtmmQ6DlRrC1hrSrBnCZPokRrDHjw=="
    }
  },
  "redirects": {
    "https://esm.sh/@supabase/supabase-js@2": "https://esm.sh/@supabase/supabase-js@2.45.4",
    "https://esm.sh/@types/combined-stream@~1.0.6/index.d.ts": "https://esm.sh/@types/combined-stream@1.0.6/index.d.ts",
    "https://esm.sh/@types/debug@~4.1.12/index.d.ts": "https://esm.sh/@types/debug@4.1.12/index.d.ts",
    "https://esm.sh/@types/follow-redirects@~1.14.4/index.d.ts": "https://esm.sh/@types/follow-redirects@1.14.4/index.d.ts",
    "https://esm.sh/@types/mime-types@~2.1.4/index.d.ts": "https://esm.sh/@types/mime-types@2.1.4/index.d.ts",
    "https://esm.sh/@types/proxy-from-env@~1.0.4/index.d.ts": "https://esm.sh/@types/proxy-from-env@1.0.4/index.d.ts",
    "https://esm.sh/asynckit@^0.4.0?target=denonext": "https://esm.sh/asynckit@0.4.0?target=denonext",
    "https://esm.sh/combined-stream@^1.0.8?target=denonext": "https://esm.sh/combined-stream@1.0.8?target=denonext",
    "https://esm.sh/debug?target=denonext": "https://esm.sh/debug@4.4.0?target=denonext",
    "https://esm.sh/delayed-stream@~1.0.0?target=denonext": "https://esm.sh/delayed-stream@1.0.0?target=denonext",
    "https://esm.sh/follow-redirects@^1.15.6?target=denonext": "https://esm.sh/follow-redirects@1.15.9?target=denonext",
    "https://esm.sh/form-data@^4.0.0?target=denonext": "https://esm.sh/form-data@4.0.1?target=denonext",
    "https://esm.sh/mime-types@^2.1.12?target=denonext": "https://esm.sh/mime-types@2.1.35?target=denonext",
    "https://esm.sh/ms@^2.1.3?target=denonext": "https://esm.sh/ms@2.1.3?target=denonext",
    "https://esm.sh/proxy-from-env@^1.1.0?target=denonext": "https://esm.sh/proxy-from-env@1.1.0?target=denonext",
    "https://esm.sh/supports-color?target=denonext": "https://esm.sh/supports-color@10.0.0?target=denonext"
  },
  "remote": {
    "https://cdn.jsdelivr.net/npm/axios@1.4.0/+esm": "7bf982de93579a3a34c7a5a05d18b51932c3f8703251ac56efc7af3c58b57131",
    "https://deno.land/std@0.150.0/media_types/_util.ts": "ce9b4fc4ba1c447dafab619055e20fd88236ca6bdd7834a21f98bd193c3fbfa1",
    "https://deno.land/std@0.150.0/media_types/mod.ts": "2d4b6f32a087029272dc59e0a55ae3cc4d1b27b794ccf528e94b1925795b3118",
    "https://deno.land/std@0.150.0/media_types/vendor/mime-db.v1.52.0.ts": "724cee25fa40f1a52d3937d6b4fbbfdd7791ff55e1b7ac08d9319d5632c7f5af",
    "https://deno.land/std@0.168.0/async/abortable.ts": "80b2ac399f142cc528f95a037a7d0e653296352d95c681e284533765961de409",
    "https://deno.land/std@0.168.0/async/deadline.ts": "2c2deb53c7c28ca1dda7a3ad81e70508b1ebc25db52559de6b8636c9278fd41f",
    "https://deno.land/std@0.168.0/async/debounce.ts": "60301ffb37e730cd2d6f9dadfd0ecb2a38857681bd7aaf6b0a106b06e5210a98",
    "https://deno.land/std@0.168.0/async/deferred.ts": "77d3f84255c3627f1cc88699d8472b664d7635990d5358c4351623e098e917d6",
    "https://deno.land/std@0.168.0/async/delay.ts": "5a9bfba8de38840308a7a33786a0155a7f6c1f7a859558ddcec5fe06e16daf57",
    "https://deno.land/std@0.168.0/async/mod.ts": "7809ad4bb223e40f5fdc043e5c7ca04e0e25eed35c32c3c32e28697c553fa6d9",
    "https://deno.land/std@0.168.0/async/mux_async_iterator.ts": "770a0ff26c59f8bbbda6b703a2235f04e379f73238e8d66a087edc68c2a2c35f",
    "https://deno.land/std@0.168.0/async/pool.ts": "6854d8cd675a74c73391c82005cbbe4cc58183bddcd1fbbd7c2bcda42b61cf69",
    "https://deno.land/std@0.168.0/async/retry.ts": "e8e5173623915bbc0ddc537698fa418cf875456c347eda1ed453528645b42e67",
    "https://deno.land/std@0.168.0/async/tee.ts": "3a47cc4e9a940904fd4341f0224907e199121c80b831faa5ec2b054c6d2eff5e",
    "https://deno.land/std@0.168.0/http/server.ts": "e99c1bee8a3f6571ee4cdeb2966efad465b8f6fe62bec1bdb59c1f007cc4d155",
    "https://deno.land/std@0.170.0/_util/asserts.ts": "d0844e9b62510f89ce1f9878b046f6a57bf88f208a10304aab50efcb48365272",
    "https://deno.land/std@0.170.0/_util/os.ts": "8a33345f74990e627b9dfe2de9b040004b08ea5146c7c9e8fe9a29070d193934",
    "https://deno.land/std@0.170.0/async/abortable.ts": "80b2ac399f142cc528f95a037a7d0e653296352d95c681e284533765961de409",
    "https://deno.land/std@0.170.0/async/deadline.ts": "2c2deb53c7c28ca1dda7a3ad81e70508b1ebc25db52559de6b8636c9278fd41f",
    "https://deno.land/std@0.170.0/async/debounce.ts": "60301ffb37e730cd2d6f9dadfd0ecb2a38857681bd7aaf6b0a106b06e5210a98",
    "https://deno.land/std@0.170.0/async/deferred.ts": "77d3f84255c3627f1cc88699d8472b664d7635990d5358c4351623e098e917d6",
    "https://deno.land/std@0.170.0/async/delay.ts": "5a9bfba8de38840308a7a33786a0155a7f6c1f7a859558ddcec5fe06e16daf57",
    "https://deno.land/std@0.170.0/async/mod.ts": "7809ad4bb223e40f5fdc043e5c7ca04e0e25eed35c32c3c32e28697c553fa6d9",
    "https://deno.land/std@0.170.0/async/mux_async_iterator.ts": "770a0ff26c59f8bbbda6b703a2235f04e379f73238e8d66a087edc68c2a2c35f",
    "https://deno.land/std@0.170.0/async/pool.ts": "6854d8cd675a74c73391c82005cbbe4cc58183bddcd1fbbd7c2bcda42b61cf69",
    "https://deno.land/std@0.170.0/async/retry.ts": "e8e5173623915bbc0ddc537698fa418cf875456c347eda1ed453528645b42e67",
    "https://deno.land/std@0.170.0/async/tee.ts": "3a47cc4e9a940904fd4341f0224907e199121c80b831faa5ec2b054c6d2eff5e",
    "https://deno.land/std@0.170.0/bytes/index_of_needle.ts": "19db73583cf6e038ca7763dd9fe9b9f2733ffa8be530d7b42f52bc9f3c2ee989",
    "https://deno.land/std@0.170.0/crypto/timing_safe_equal.ts": "3784958e40a5fe10429a68b75cc5f8d34356bf0bc2eb93c80c3033e2a6f17821",
    "https://deno.land/std@0.170.0/encoding/base64.ts": "8605e018e49211efc767686f6f687827d7f5fd5217163e981d8d693105640d7a",
    "https://deno.land/std@0.170.0/encoding/base64url.ts": "0283b12fcd306c11e3cf26fc022fecc800c6acc19704ea8bdb3908898fcd06d6",
    "https://deno.land/std@0.170.0/flags/mod.ts": "4f50ec6383c02684db35de38b3ffb2cd5b9fcfcc0b1147055d1980c49e82521c",
    "https://deno.land/std@0.170.0/fmt/printf.ts": "e275fc8f189c03bb4134a2c7b52c3a448a4a16e16a85efcd69cd6108c5f48a32",
    "https://deno.land/std@0.170.0/http/http_status.ts": "ed24048cc0d06066c944da59b0301da3ae2f990564bb4ad79bb52a09cf8e9b30",
    "https://deno.land/std@0.170.0/node/_core.ts": "92e000441742387f7ded7cc582ca4089c0bc13aa5f00cecdfa4876dc832dfd10",
    "https://deno.land/std@0.170.0/node/_events.mjs": "303e8aa60ace559e4ca0d19e8475f87311bee9e8330b4b497644d70f2002fc27",
    "https://deno.land/std@0.170.0/node/_http_agent.mjs": "5664bb4aa11300d884a5e4886638d60ef55079a62ef159904d78caf35c6e9324",
    "https://deno.land/std@0.170.0/node/_http_common.ts": "73a9ec85e8d62a783b2a52577ebeafc3d69f9be21ba12e654dfbde455cf58162",
    "https://deno.land/std@0.170.0/node/_http_outgoing.ts": "dc400fca921c09bca194380a338eccc9559f7cc95cecf92a7427513eb280eb98",
    "https://deno.land/std@0.170.0/node/_next_tick.ts": "81c1826675493b76f90c646fb1274a4c84b5cc913a80ca4526c32cd7c46a0b06",
    "https://deno.land/std@0.170.0/node/_process/exiting.ts": "bc9694769139ffc596f962087155a8bfef10101d03423b9dcbc51ce6e1f88fce",
    "https://deno.land/std@0.170.0/node/_process/process.ts": "d5bf113a4b62f4abe4cb7ec5a9d00d44dac0ad9e82a23d00cc27d71e05ae8b66",
    "https://deno.land/std@0.170.0/node/_process/stdio.mjs": "971c3b086040d8521562155db13f22f9971d5c42c852b2081d4d2f0d8b6ab6bd",
    "https://deno.land/std@0.170.0/node/_process/streams.mjs": "3ce63d9eb24a8a8ec45eeebf5c184b43d888064f663f87e8f453888368e00f90",
    "https://deno.land/std@0.170.0/node/_stream.mjs": "9a80217d9734f6e4284aae0ea55dd82b243f5517bc1814e983ad41b01732f712",
    "https://deno.land/std@0.170.0/node/_utils.ts": "1085a229e910b3a6672f3c3be05507591811dc67be2ae2188e9fc9ef4376b172",
    "https://deno.land/std@0.170.0/node/async_hooks.ts": "d0b31c0ca74169782da1d804e4e1bfa344187f072c33c9b66b37721f0fba8f63",
    "https://deno.land/std@0.170.0/node/buffer.ts": "43f07b2d1523345bf35b7deb7fcdad6e916020a631a7bc1b5efcaff556db4e1d",
    "https://deno.land/std@0.170.0/node/dns.ts": "d2e6c33902cae784ce24d2e869eb87fa9a14cba0e2d1d4c197939fa4f0739803",
    "https://deno.land/std@0.170.0/node/events.ts": "f848398d3591534ca94ac6b852a9f3c4dbb2da310c3a26059cf4ff06b7eae088",
    "https://deno.land/std@0.170.0/node/http.ts": "5f01ed7f9fc056b508ae078b800625efefabb76b3e06785da940eae3d4b6e178",
    "https://deno.land/std@0.170.0/node/https.ts": "8a4fa81ff1785479b6bdbc638d57f8474328110e7b96dc29210319e81ed8f2d2",
    "https://deno.land/std@0.170.0/node/internal/assert.mjs": "118327c8866266534b30d3a36ad978204af7336dc2db3158b8167192918d4e06",
    "https://deno.land/std@0.170.0/node/internal/async_hooks.ts": "8eca5b80f58ffb259e9b3a73536dc2fe2e67d07fd24bfe2aee325a4aa435edb3",
    "https://deno.land/std@0.170.0/node/internal/buffer.mjs": "50320a6bcf770f03428e77e5ba46b19f69842539c6493b89c6515ba1b0def6ee",
    "https://deno.land/std@0.170.0/node/internal/crypto/_keys.ts": "63229ff3d8d15b5bd0a1d2ebc19313cbb8ac969875bf16df1ce4f2b497d74fb5",
    "https://deno.land/std@0.170.0/node/internal/crypto/constants.ts": "d2c8821977aef55e4d66414d623c24a2447791a8b49b6404b8db32d81e20c315",
    "https://deno.land/std@0.170.0/node/internal/dns/promises.ts": "acd0cb07f55b0be9b24ffba86060aab63c5b5eabee400ded28445b7e2bd8590d",
    "https://deno.land/std@0.170.0/node/internal/dns/utils.ts": "9de48245fa5dee62273c9aa4f0054f23abb023d5d46b165ae57198af2b92cf73",
    "https://deno.land/std@0.170.0/node/internal/dtrace.ts": "50dd0e77b0269e47ff673bdb9ad0ef0ea3a3c53ac30c1695883ce4748e04ca14",
    "https://deno.land/std@0.170.0/node/internal/error_codes.ts": "ac03c4eae33de3a69d6c98e8678003207eecf75a6900eb847e3fea3c8c9e6d8f",
    "https://deno.land/std@0.170.0/node/internal/errors.ts": "b9aec7d1fe3eaf21322d0ea9dc2fcb344055d6b0c7a1bd0f62a0c379a5baa799",
    "https://deno.land/std@0.170.0/node/internal/fixed_queue.ts": "455b3c484de48e810b13bdf95cd1658ecb1ba6bcb8b9315ffe994efcde3ba5f5",
    "https://deno.land/std@0.170.0/node/internal/hide_stack_frames.ts": "a91962ec84610bc7ec86022c4593cdf688156a5910c07b5bcd71994225c13a03",
    "https://deno.land/std@0.170.0/node/internal/http.ts": "deb5b3db113ea502cf01044d9f3e299e5faca2789f27f6a894947603b62c45ad",
    "https://deno.land/std@0.170.0/node/internal/idna.ts": "3aed89919e3078160733b6e6ac60fdb06052cf0418acbabcf86f90017d102b78",
    "https://deno.land/std@0.170.0/node/internal/net.ts": "1239886cd2508a68624c2dae8abf895e8aa3bb15a748955349f9ac5539032238",
    "https://deno.land/std@0.170.0/node/internal/normalize_encoding.mjs": "3779ec8a7adf5d963b0224f9b85d1bc974a2ec2db0e858396b5d3c2c92138a0a",
    "https://deno.land/std@0.170.0/node/internal/options.ts": "a23c285975e058cb26a19abcb048cd8b46ab12d21cfb028868ac8003fffb43ac",
    "https://deno.land/std@0.170.0/node/internal/primordials.mjs": "7cf5afe471583e4a384eeea109bdff276b6b7f3a3af830f99f951fb7d57ef423",
    "https://deno.land/std@0.170.0/node/internal/process/per_thread.mjs": "bc1be72a6a662bf81573c20fe74893374847a7302065ddf52fb3fb2af505f31f",
    "https://deno.land/std@0.170.0/node/internal/querystring.ts": "c3b23674a379f696e505606ddce9c6feabe9fc497b280c56705c340f4028fe74",
    "https://deno.land/std@0.170.0/node/internal/readline/callbacks.mjs": "17d9270a54fb5dceea8f894669e3401e5c6260bab075a1e9675a62f1fef50d8c",
    "https://deno.land/std@0.170.0/node/internal/readline/utils.mjs": "a93ebb99f85e0dbb4f05f4aff5583d12a15150e45c335e4ecf925e1879dc9c84",
    "https://deno.land/std@0.170.0/node/internal/stream_base_commons.ts": "07c8d367cf7d0f6f48a248d39fbe611af6dad02a33510fcc3ef23f9a9c898b41",
    "https://deno.land/std@0.170.0/node/internal/streams/destroy.mjs": "9c9bbeb172a437041d529829f433df72cf0b63ae49f3ee6080a55ffbef7572ad",
    "https://deno.land/std@0.170.0/node/internal/streams/end-of-stream.mjs": "38be76eaceac231dfde643e72bc0940625446bf6d1dbd995c91c5ba9fd59b338",
    "https://deno.land/std@0.170.0/node/internal/streams/state.mjs": "ec61f2fb46f58ab77b9dccd5ab10ad86753a26f858f7b4b7aaf85e9359c77557",
    "https://deno.land/std@0.170.0/node/internal/streams/utils.mjs": "a0a6b93a7e68ef52bef4ed00b0c82bb7e335abf360af57335b07c6a3fcdde717",
    "https://deno.land/std@0.170.0/node/internal/timers.mjs": "8079bbe5dccb0b4b6aa7e54ab1fc5e23b25c4f8357f0381d958126becc9ced42",
    "https://deno.land/std@0.170.0/node/internal/url.ts": "eacef0ace4f4c5394e9818a81499f4871b2a993d1bd3b902047e44a381ef0e22",
    "https://deno.land/std@0.170.0/node/internal/util.mjs": "35d24fb775468cd24443bcf0ec68904b8aa44e5b53845491a5e3382421917f9a",
    "https://deno.land/std@0.170.0/node/internal/util/debuglog.ts": "570c399f0a066b81f0836eeb926b9142ae7f1738cee9abd85cd12ce32092d5af",
    "https://deno.land/std@0.170.0/node/internal/util/inspect.mjs": "1ddace0c97719d2cc0869ba177d375e96051301352ec235cbfb2ecbfcd4e8fba",
    "https://deno.land/std@0.170.0/node/internal/util/types.ts": "5b15a8051a6e58b6c1a424e0e7137b77b0ef60409d54d05db22a97e0d1d5b589",
    "https://deno.land/std@0.170.0/node/internal/validators.mjs": "67deae0f488d013c8bf485742a5478112b8e48837cb2458c4a8b2669cf7017db",
    "https://deno.land/std@0.170.0/node/internal_binding/_libuv_winerror.ts": "801e05c2742ae6cd42a5f0fd555a255a7308a65732551e962e5345f55eedc519",
    "https://deno.land/std@0.170.0/node/internal_binding/_listen.ts": "c15a356ef4758770fc72d3ca4db33f0cc321016df1aafb927c027c0d73ac2c42",
    "https://deno.land/std@0.170.0/node/internal_binding/_node.ts": "e4075ba8a37aef4eb5b592c8e3807c39cb49ca8653faf8e01a43421938076c1b",
    "https://deno.land/std@0.170.0/node/internal_binding/_timingSafeEqual.ts": "80640f055101071cb3680a2d8a1fead5fd260ca8bf183efb94296b69463e06cd",
    "https://deno.land/std@0.170.0/node/internal_binding/_utils.ts": "1c50883b5751a9ea1b38951e62ed63bacfdc9d69ea665292edfa28e1b1c5bd94",
    "https://deno.land/std@0.170.0/node/internal_binding/_winerror.ts": "8811d4be66f918c165370b619259c1f35e8c3e458b8539db64c704fbde0a7cd2",
    "https://deno.land/std@0.170.0/node/internal_binding/ares.ts": "33ff8275bc11751219af8bd149ea221c442d7e8676e3e9f20ccb0e1f0aac61b8",
    "https://deno.land/std@0.170.0/node/internal_binding/async_wrap.ts": "b83e4021a4854b2e13720f96d21edc11f9905251c64c1bc625a361f574400959",
    "https://deno.land/std@0.170.0/node/internal_binding/buffer.ts": "dfba9e1a50b637cfd72e569aa11959dcaf626b898ab7e851d21526a2bdaec588",
    "https://deno.land/std@0.170.0/node/internal_binding/cares_wrap.ts": "720e6d5cff7018bb3d00e1a49dd4c31f0fc6af3a593ab68cd39e3592ed163d61",
    "https://deno.land/std@0.170.0/node/internal_binding/config.ts": "e292217d048a33573966b7d25352828d3282921fbcadce8735a20fb3da370cc4",
    "https://deno.land/std@0.170.0/node/internal_binding/connection_wrap.ts": "9debd4210d29c658054476fcb640c900725f564ef35412c56dc79eb07213a7c1",
    "https://deno.land/std@0.170.0/node/internal_binding/constants.ts": "1ad4de9f76733320527c8bc841b5e4dd5869424924384157a72f3b171bd05b08",
    "https://deno.land/std@0.170.0/node/internal_binding/contextify.ts": "e292217d048a33573966b7d25352828d3282921fbcadce8735a20fb3da370cc4",
    "https://deno.land/std@0.170.0/node/internal_binding/credentials.ts": "e292217d048a33573966b7d25352828d3282921fbcadce8735a20fb3da370cc4",
    "https://deno.land/std@0.170.0/node/internal_binding/crypto.ts": "d7f39700dc020364edf7f4785e5026bb91f099ce1bd02734182451b1af300c8c",
    "https://deno.land/std@0.170.0/node/internal_binding/errors.ts": "e292217d048a33573966b7d25352828d3282921fbcadce8735a20fb3da370cc4",
    "https://deno.land/std@0.170.0/node/internal_binding/fs.ts": "e292217d048a33573966b7d25352828d3282921fbcadce8735a20fb3da370cc4",
    "https://deno.land/std@0.170.0/node/internal_binding/fs_dir.ts": "e292217d048a33573966b7d25352828d3282921fbcadce8735a20fb3da370cc4",
    "https://deno.land/std@0.170.0/node/internal_binding/fs_event_wrap.ts": "e292217d048a33573966b7d25352828d3282921fbcadce8735a20fb3da370cc4",
    "https://deno.land/std@0.170.0/node/internal_binding/handle_wrap.ts": "71c451060c9f555066d3ebe80de039a4e493a94b76c664450fbefd8f4167eb7e",
    "https://deno.land/std@0.170.0/node/internal_binding/heap_utils.ts": "e292217d048a33573966b7d25352828d3282921fbcadce8735a20fb3da370cc4",
    "https://deno.land/std@0.170.0/node/internal_binding/http_parser.ts": "e292217d048a33573966b7d25352828d3282921fbcadce8735a20fb3da370cc4",
    "https://deno.land/std@0.170.0/node/internal_binding/icu.ts": "e292217d048a33573966b7d25352828d3282921fbcadce8735a20fb3da370cc4",
    "https://deno.land/std@0.170.0/node/internal_binding/inspector.ts": "e292217d048a33573966b7d25352828d3282921fbcadce8735a20fb3da370cc4",
    "https://deno.land/std@0.170.0/node/internal_binding/js_stream.ts": "e292217d048a33573966b7d25352828d3282921fbcadce8735a20fb3da370cc4",
    "https://deno.land/std@0.170.0/node/internal_binding/messaging.ts": "e292217d048a33573966b7d25352828d3282921fbcadce8735a20fb3da370cc4",
    "https://deno.land/std@0.170.0/node/internal_binding/mod.ts": "f68e74e8eed84eaa6b0de24f0f4c47735ed46866d7ee1c5a5e7c0667b4f0540f",
    "https://deno.land/std@0.170.0/node/internal_binding/module_wrap.ts": "e292217d048a33573966b7d25352828d3282921fbcadce8735a20fb3da370cc4",
    "https://deno.land/std@0.170.0/node/internal_binding/native_module.ts": "e292217d048a33573966b7d25352828d3282921fbcadce8735a20fb3da370cc4",
    "https://deno.land/std@0.170.0/node/internal_binding/natives.ts": "e292217d048a33573966b7d25352828d3282921fbcadce8735a20fb3da370cc4",
    "https://deno.land/std@0.170.0/node/internal_binding/node_file.ts": "37d6864897547d95ca24e0f5d01035915db0065bff128bc22191bc93f9ad59ad",
    "https://deno.land/std@0.170.0/node/internal_binding/node_options.ts": "b098e6a1c80fa5003a1669c6828539167ab19337e13d20a47b610144cb888cef",
    "https://deno.land/std@0.170.0/node/internal_binding/options.ts": "e292217d048a33573966b7d25352828d3282921fbcadce8735a20fb3da370cc4",
    "https://deno.land/std@0.170.0/node/internal_binding/os.ts": "e292217d048a33573966b7d25352828d3282921fbcadce8735a20fb3da370cc4",
    "https://deno.land/std@0.170.0/node/internal_binding/performance.ts": "e292217d048a33573966b7d25352828d3282921fbcadce8735a20fb3da370cc4",
    "https://deno.land/std@0.170.0/node/internal_binding/pipe_wrap.ts": "105c73f268cb9ca1c6cebaf4bea089ab12e0c21c8c4e10bb0a14b0abd3e1661e",
    "https://deno.land/std@0.170.0/node/internal_binding/process_methods.ts": "e292217d048a33573966b7d25352828d3282921fbcadce8735a20fb3da370cc4",
    "https://deno.land/std@0.170.0/node/internal_binding/report.ts": "e292217d048a33573966b7d25352828d3282921fbcadce8735a20fb3da370cc4",
    "https://deno.land/std@0.170.0/node/internal_binding/serdes.ts": "e292217d048a33573966b7d25352828d3282921fbcadce8735a20fb3da370cc4",
    "https://deno.land/std@0.170.0/node/internal_binding/signal_wrap.ts": "e292217d048a33573966b7d25352828d3282921fbcadce8735a20fb3da370cc4",
    "https://deno.land/std@0.170.0/node/internal_binding/spawn_sync.ts": "e292217d048a33573966b7d25352828d3282921fbcadce8735a20fb3da370cc4",
    "https://deno.land/std@0.170.0/node/internal_binding/stream_wrap.ts": "64780dc713ee0a2dc36251a62fe533005f07f5996f2c7b61fd8b6fa277c25317",
    "https://deno.land/std@0.170.0/node/internal_binding/string_decoder.ts": "5cb1863763d1e9b458bc21d6f976f16d9c18b3b3f57eaf0ade120aee38fba227",
    "https://deno.land/std@0.170.0/node/internal_binding/symbols.ts": "51cfca9bb6132d42071d4e9e6b68a340a7f274041cfcba3ad02900886e972a6c",
    "https://deno.land/std@0.170.0/node/internal_binding/task_queue.ts": "e292217d048a33573966b7d25352828d3282921fbcadce8735a20fb3da370cc4",
    "https://deno.land/std@0.170.0/node/internal_binding/tcp_wrap.ts": "4217fa10072e048a26f26e5f548b3f38422452c9956265592cac57379a610acb",
    "https://deno.land/std@0.170.0/node/internal_binding/timers.ts": "e292217d048a33573966b7d25352828d3282921fbcadce8735a20fb3da370cc4",
    "https://deno.land/std@0.170.0/node/internal_binding/tls_wrap.ts": "e292217d048a33573966b7d25352828d3282921fbcadce8735a20fb3da370cc4",
    "https://deno.land/std@0.170.0/node/internal_binding/trace_events.ts": "e292217d048a33573966b7d25352828d3282921fbcadce8735a20fb3da370cc4",
    "https://deno.land/std@0.170.0/node/internal_binding/tty_wrap.ts": "e292217d048a33573966b7d25352828d3282921fbcadce8735a20fb3da370cc4",
    "https://deno.land/std@0.170.0/node/internal_binding/types.ts": "69000b1b92e0ca999c737f5add38827742b3ca3fe37a2389c80290de0ae6ef01",
    "https://deno.land/std@0.170.0/node/internal_binding/udp_wrap.ts": "cdd0882eff7e7db631d808608d20f5d1269b40fbcedd4a0972d6ed616a855c79",
    "https://deno.land/std@0.170.0/node/internal_binding/url.ts": "e292217d048a33573966b7d25352828d3282921fbcadce8735a20fb3da370cc4",
    "https://deno.land/std@0.170.0/node/internal_binding/util.ts": "faf5146c3cc3b2d6c26026a818b4a16e91488ab26e63c069f36ba3c3ae24c97b",
    "https://deno.land/std@0.170.0/node/internal_binding/uv.ts": "27922aaec43de314afd99dfca1ce8f4d51ced9f5195e4917b54d387766404f61",
    "https://deno.land/std@0.170.0/node/internal_binding/v8.ts": "e292217d048a33573966b7d25352828d3282921fbcadce8735a20fb3da370cc4",
    "https://deno.land/std@0.170.0/node/internal_binding/worker.ts": "e292217d048a33573966b7d25352828d3282921fbcadce8735a20fb3da370cc4",
    "https://deno.land/std@0.170.0/node/internal_binding/zlib.ts": "e292217d048a33573966b7d25352828d3282921fbcadce8735a20fb3da370cc4",
    "https://deno.land/std@0.170.0/node/net.ts": "b13b3dac2ae3fe8b428610fbfdc6ce14f21862140005de4da40ac074bca13ad8",
    "https://deno.land/std@0.170.0/node/path.ts": "c65858e9cbb52dbc0dd348eefcdc41e82906c39cfa7982f2d4d805e828414b8c",
    "https://deno.land/std@0.170.0/node/path/_constants.ts": "591787ca44a55859644a2d5dbaef43698ab29e72e58fd498ea5e8f78a341ba20",
    "https://deno.land/std@0.170.0/node/path/_interface.ts": "4a6e96c17c1b5acb2b5909583d5808fb4e80e5120d230dd028ec04d2e7d0d906",
    "https://deno.land/std@0.170.0/node/path/_util.ts": "70b4b58098c4638f3bf719fa700c95e308e3984a3f9aca551fab713426ba3cbe",
    "https://deno.land/std@0.170.0/node/path/common.ts": "bee563630abd2d97f99d83c96c2fa0cca7cee103e8cb4e7699ec4d5db7bd2633",
    "https://deno.land/std@0.170.0/node/path/glob.ts": "a5dc1e064e6ce7aaab468ba48e233b02b322c8b6086a312938069ff7ec6ce9fc",
    "https://deno.land/std@0.170.0/node/path/mod.ts": "f9125e20031aac43eef8baa58d852427c762541574513f6870d1d0abd8103252",
    "https://deno.land/std@0.170.0/node/path/posix.ts": "e40c13ad352b3814116d25fed5196b59445e98c7802f9b55c0a8e33f0ddfb5bd",
    "https://deno.land/std@0.170.0/node/path/separator.ts": "7176165f5b8351306357503357a3b241861d8b4e6c60aeb4e992da94f9487dc2",
    "https://deno.land/std@0.170.0/node/path/win32.ts": "6554159c6b21a73bb4647c85c44f42cdbbd84c53c37f57a3a195a47d50c0ab92",
    "https://deno.land/std@0.170.0/node/process.ts": "160ad8df6496ab00ed6ed25589d504855382d2641a0c9c4c6e1c577f770862d5",
    "https://deno.land/std@0.170.0/node/querystring.ts": "ec6d8bd8b138a5c53fe8bc25a37bdd654d5fb76918fb6543864d62474b3860a8",
    "https://deno.land/std@0.170.0/node/stream.ts": "2c6d5d207d0ad295f396b34fd03a908c1638beb1754bc9c1fccd9a4cdcace8be",
    "https://deno.land/std@0.170.0/node/string_decoder.ts": "7b6aaf9f98934fa33f89d7183a03858c0d1961870725d4ba39aa7cc137a9e9a1",
    "https://deno.land/std@0.170.0/node/timers.ts": "c8bb53fb20b3d9c3d84ee98418dda5a644ff0ad8324555b7e3fa1712ae7d3c99",
    "https://deno.land/std@0.170.0/node/url.ts": "c3c01ae65375c2ad4581f9071813b27b590faf5bf68663851b9fde76ff2f242e",
    "https://deno.land/std@0.170.0/path/_constants.ts": "df1db3ffa6dd6d1252cc9617e5d72165cd2483df90e93833e13580687b6083c3",
    "https://deno.land/std@0.170.0/path/_interface.ts": "ee3b431a336b80cf445441109d089b70d87d5e248f4f90ff906820889ecf8d09",
    "https://deno.land/std@0.170.0/path/_util.ts": "d16be2a16e1204b65f9d0dfc54a9bc472cafe5f4a190b3c8471ec2016ccd1677",
    "https://deno.land/std@0.170.0/path/common.ts": "bee563630abd2d97f99d83c96c2fa0cca7cee103e8cb4e7699ec4d5db7bd2633",
    "https://deno.land/std@0.170.0/path/glob.ts": "81cc6c72be002cd546c7a22d1f263f82f63f37fe0035d9726aa96fc8f6e4afa1",
    "https://deno.land/std@0.170.0/path/mod.ts": "cf7cec7ac11b7048bb66af8ae03513e66595c279c65cfa12bfc07d9599608b78",
    "https://deno.land/std@0.170.0/path/posix.ts": "b859684bc4d80edfd4cad0a82371b50c716330bed51143d6dcdbe59e6278b30c",
    "https://deno.land/std@0.170.0/path/separator.ts": "fe1816cb765a8068afb3e8f13ad272351c85cbc739af56dacfc7d93d710fe0f9",
    "https://deno.land/std@0.170.0/path/win32.ts": "7cebd2bda6657371adc00061a1d23fdd87bcdf64b4843bb148b0b24c11b40f69",
    "https://deno.land/std@0.170.0/streams/write_all.ts": "7525aa90e34a2bb56d094403ad9c0e31e7db87a47cb556e6dc0404e6deca084c",
    "https://deno.land/std@0.204.0/dotenv/mod.ts": "1da8c6d0e7f7d8a5c2b19400b763bc11739df24acec235dda7ea2cfd3d300057",
    "https://deno.land/std@0.204.0/encoding/_util.ts": "f368920189c4fe6592ab2e93bd7ded8f3065b84f95cd3e036a4a10a75649dcba",
    "https://deno.land/std@0.204.0/encoding/base64.ts": "cc03110d6518170aeaa68ec97f89c6d6e2276294b30807e7332591d7ce2e4b72",
    "https://deno.land/std@0.208.0/async/delay.ts": "a6142eb44cdd856b645086af2b811b1fcce08ec06bb7d50969e6a872ee9b8659",
    "https://deno.land/std@0.208.0/encoding/_util.ts": "f368920189c4fe6592ab2e93bd7ded8f3065b84f95cd3e036a4a10a75649dcba",
    "https://deno.land/std@0.208.0/encoding/base64.ts": "81c0ecff5ccb402def58ca03d8bd245bd01da15a077d3362b568e991aa10f4d9",
    "https://deno.land/std@0.208.0/http/server.ts": "f3cde6672e631d3e00785743cfa96bfed275618c0352c5ae84abbe5a2e0e4afc",
    "https://deno.land/x/axiod@0.26.2/helpers.ts": "467f2ca75608f368c8092e800eab0d6d79b3fa42346372be62a5b93acf50fe7e",
    "https://deno.land/x/axiod@0.26.2/interfaces.ts": "1b5a7b70b1e7faecd2f251ad080bd87188fba585e2de667af472c4d72abf636e",
    "https://deno.land/x/axiod@0.26.2/mod.ts": "1175ec90a040d764b9940753f8d8e3f37a2328a0536eed48e411a8f1a3e9e5cb",
    "https://deno.land/x/axiod@0.26.2/mods/url-join.ts": "c925b2dd0bd490093d084bd4c74a9502260e014d5e760a4951b3e7c8ab3ca43f",
    "https://deno.land/x/url_join@1.0.0/mod.ts": "d3c7007e3ab15594e54d5b90dce623b3e274a726e0cdf57858e7ecab77a0166c",
    "https://deno.land/x/xhr@0.3.0/mod.ts": "094aacd627fd9635cd942053bf8032b5223b909858fa9dc8ffa583752ff63b20",
    "https://esm.sh/@supabase/supabase-js@2.45.4": "c6a1eb2b02905fe78d5b756d2d835dbee9cff9b323d70a0287fd645219db77c3",
    "https://esm.sh/asynckit@0.4.0/denonext/asynckit.mjs": "4ef3be6eb52c104699b90ca5524db55ec15bc76b361432f05c16b6106279ba72",
    "https://esm.sh/asynckit@0.4.0?target=denonext": "c6bd8832d6d16b648e22d124a16d33c3a7f7076e92be9444f2e4f6b27545708d",
    "https://esm.sh/axios@1.7.9": "4f0cb140ed6c9bb58e932561d61c212177daa22066290f95bda78784a675e546",
    "https://esm.sh/axios@1.7.9/denonext/axios.mjs": "85c4c6667562b8a7c13504d7d4691ad54c9099e97664314d791f0b1bc5c71b3a",
    "https://esm.sh/axios@1.7.9/denonext/lib/adapters/http.mjs": "07a1579baeebe644410f0cc820addc26efd5902fdea2d8a9a78faca9140157f4",
    "https://esm.sh/axios@1.7.9/denonext/lib/adapters/xhr.mjs": "d457e7263206ef1530700e504dfa239dfc6d4b7acc6ee307f282e7d9f478cee6",
    "https://esm.sh/axios@1.7.9/denonext/lib/cancel/CanceledError.mjs": "11a978f849567e51a3339fabf34affc0e37cb12a589d272f45ccb7ba5166bb00",
    "https://esm.sh/axios@1.7.9/denonext/lib/core/AxiosError.mjs": "08e3367ba5822f8d1d2371108110155ac8446c28783179bed612993ae39f2d7e",
    "https://esm.sh/axios@1.7.9/denonext/lib/core/AxiosHeaders.mjs": "72323f720e992ba1ac9cb9f5375efc11dcb93438410a9c30b00ecf02e01eeb40",
    "https://esm.sh/axios@1.7.9/denonext/lib/core/mergeConfig.mjs": "7abf8de8e52a6f111559f3e86a33a8c14c7c1e8dc2027affc6145f20941dd53a",
    "https://esm.sh/axios@1.7.9/denonext/lib/defaults/transitional.mjs": "3b86e7dcd9c1c958e36a9cf83931745dd104bf8567f895b6cf1feeccc3b7e7f2",
    "https://esm.sh/axios@1.7.9/denonext/lib/helpers/AxiosURLSearchParams.mjs": "5a70e97a03dfa2f00a98df190e9bb5cb82842a0753bb104707f2e21380f3166c",
    "https://esm.sh/axios@1.7.9/denonext/lib/helpers/bind.mjs": "566b3d76467f5b36ee1f7913ec3b47adaed3462a5140a8e5f45f3eb16ea95f25",
    "https://esm.sh/axios@1.7.9/denonext/lib/helpers/progressEventReducer.mjs": "6b78130bfb1f880dbf0a6f550e7d604da204cdcb08176522d2e3f68b34d2f792",
    "https://esm.sh/axios@1.7.9/denonext/lib/helpers/resolveConfig.mjs": "25a941d37a0c5e5e26453dc732f5cbf026d441b3acbf9ee6ab53fc53bd832948",
    "https://esm.sh/axios@1.7.9/denonext/lib/helpers/toFormData.mjs": "c896b5ff5735ff624c21ebe4fe2c33f79652ed0ebe08df57770324f529081601",
    "https://esm.sh/axios@1.7.9/denonext/lib/platform/index.mjs": "87ea40ce9fafb9d5cd85c0e7803e486a8d07c2ba962610649558c4766b4dbdd9",
    "https://esm.sh/axios@1.7.9/denonext/unsafe/core/buildFullPath.mjs": "ee3ae97c98b883f2e75be6e6e409e7832bc9073e7eab228e89ddf9de9e7e4fde",
    "https://esm.sh/axios@1.7.9/denonext/unsafe/core/settle.mjs": "eaacb0d46d199e3ae061be861de09f7c503958f9e1c92d7fdf46c084fbe2b5c6",
    "https://esm.sh/axios@1.7.9/denonext/unsafe/helpers/buildURL.mjs": "657552aceaccfd889ed8e54f5b73e286da8eedf6c140dbc2e6c7ee7cba294141",
    "https://esm.sh/axios@1.7.9/denonext/unsafe/helpers/combineURLs.mjs": "b93d3b205342682d357e1c78d0145638095005a5cb9a7e6684f7498adce0c1bd",
    "https://esm.sh/axios@1.7.9/denonext/unsafe/helpers/isAbsoluteURL.mjs": "05a644b2c55eabec8c3428ab40f6afad729a49bbe336361e9c27484a5db7fbfe",
    "https://esm.sh/axios@1.7.9/denonext/unsafe/utils.mjs": "630864dd3be1e536289d7abbe477a797dc39d19b8c097b48ef90842e84c291fa",
    "https://esm.sh/combined-stream@1.0.8/denonext/combined-stream.mjs": "364b91aa4c33e5f0b4075949d93a3407b21a8695031e7c2be29999d588f9ca2c",
    "https://esm.sh/combined-stream@1.0.8?target=denonext": "a0c89b8b29494e966774c7a708e33cc2df16a0bbe2279c841d088e169e7ab3c4",
    "https://esm.sh/debug@4.4.0/denonext/debug.mjs": "3077d1ff15cfc5b7baee65b0c00b3200aef8ab51ddddfa960972957c347c1cee",
    "https://esm.sh/debug@4.4.0?target=denonext": "dc29873ca5518385fcbddb2b2fa0f3b31dc6463ba52bdd790818683b9dbdc6ad",
    "https://esm.sh/delayed-stream@1.0.0/denonext/delayed-stream.mjs": "051a3501b7b3d3c593b78a2c7305093a8e363c518cd156f1a77117185e312abe",
    "https://esm.sh/delayed-stream@1.0.0?target=denonext": "d363b81e01f4c886114df14aa660c1a938bbb4be851ff12132260bed0db6126e",
    "https://esm.sh/follow-redirects@1.15.9/denonext/follow-redirects.mjs": "90866d22d80eface74d3161906835600fbb1d5c9ded05dc72fd55b40960cfce7",
    "https://esm.sh/follow-redirects@1.15.9?target=denonext": "c8028ec9d980a1974362377614a4978d1556ba85a75bc32526e8917bede535d1",
    "https://esm.sh/form-data@4.0.1/denonext/form-data.mjs": "b51c64cee153fb3b94f437444007a134523e3b16d2713a3b8b7ef97bbe46dd12",
    "https://esm.sh/form-data@4.0.1?target=denonext": "12c5cd01c82458738f858b5f94f2a9a44732aa6b03f755f00cb655d6faed1077",
    "https://esm.sh/mime-db@1.52.0/denonext/mime-db.mjs": "f93feb3d7150014b71bd0d06c5bd819db56a089b31b8b79a3b0466bb37ef005e",
    "https://esm.sh/mime-types@2.1.35/denonext/mime-types.mjs": "704bdb318816fe1360c90a196f7cb3ba6e25fe207707cc2df873f890ad2e5f44",
    "https://esm.sh/mime-types@2.1.35?target=denonext": "e4cc9a1aabecc1be22d194375ec3b99cc9d51700cc4629ab689975451c0a8ce5",
    "https://esm.sh/ms@2.1.3/denonext/ms.mjs": "9039464da1f4ae1c2042742d335c82556c048bbe49449b5d0cd5198193afa147",
    "https://esm.sh/ms@2.1.3?target=denonext": "36f5aa7503ff0ff44ce9e3155a60362d8d3ae5db8db048be5764a3a515b6a263",
    "https://esm.sh/proxy-from-env@1.1.0/denonext/proxy-from-env.mjs": "f60f9c79fc3baa07c13c800798d645ae70d1b2059b8d593dcd4f8c5710b50333",
    "https://esm.sh/proxy-from-env@1.1.0?target=denonext": "bf02a050a1a6aa56ddba25dbea2c355da294630e5c5520fddea4b2f30a9292bc",
    "https://esm.sh/supports-color@10.0.0/denonext/supports-color.mjs": "239cd39d0828e1a018dee102748da869b1b75c38fe6a9c0c8f0bd4ffbd3e1ea1",
    "https://esm.sh/supports-color@10.0.0?target=denonext": "4895255248e4ba0cbcce9437003dccf3658b1ac1d1e8eba5225fb8194c454ee1",
    "https://esm.sh/v135/@supabase/auth-js@2.65.0/denonext/auth-js.mjs": "681ac3008c2a9a3876abe3b61f86b2ff9c60b901d3e25cdcedc268593ac4ccda",
    "https://esm.sh/v135/@supabase/functions-js@2.4.1/denonext/functions-js.mjs": "c7cb8535aa4c37b3b537c0129f978030d0ee022b99a83a110e9d80662d2cdc0a",
    "https://esm.sh/v135/@supabase/node-fetch@2.6.15/denonext/node-fetch.mjs": "efad00ea3d4cbe1bee688836ef75339d49a1981bc5728a13e9ad5f26791d5efb",
    "https://esm.sh/v135/@supabase/postgrest-js@1.16.1/denonext/postgrest-js.mjs": "ffacacaff923deeccafadaa53752d62804a96af4d87a7f62ec0e3ae17e585e5f",
    "https://esm.sh/v135/@supabase/realtime-js@2.10.2/denonext/realtime-js.mjs": "5a4e1073018ac5e7c1ab348cebd2880ca079e6a18ad3cf5ca8fa443e9c80778c",
    "https://esm.sh/v135/@supabase/storage-js@2.7.0/denonext/storage-js.mjs": "b581cd3ad72a545ad56302dbece8327536a48c2a5c7854d4dcc6f84c1f43e7a9",
    "https://esm.sh/v135/@supabase/supabase-js@2.45.4/denonext/supabase-js.mjs": "35c91455ce7616c485a2675273585a8e051ca0662f333c982310f76ce6ec7142",
    "https://esm.sh/v135/bufferutil@4.0.8/denonext/bufferutil.mjs": "60a4618cbd1a5cb24935c55590b793d4ecb33862357d32e1d4614a0bbb90947f",
    "https://esm.sh/v135/node-gyp-build@4.6.1/denonext/node-gyp-build.mjs": "5d28b312f145a6cb2ec0dbdd80a7d34c0e0e6b5dcada65411d8bcff6c8991cc6",
    "https://esm.sh/v135/node-gyp-build@4.8.1/denonext/node-gyp-build.mjs": "cddfc39c5f2d6e228fb1cd8cc36a594d870470b01348f866a7fb4e6f3ed8c66d",
    "https://esm.sh/v135/utf-8-validate@6.0.4/denonext/utf-8-validate.mjs": "ab4990b545a45f10f7711c69046ee3e9c5b732b9781937f922cefd3fc99d0e88",
    "https://esm.sh/v135/ws@8.17.1/denonext/ws.mjs": "8c9b9fd82d9879be14e9145aee4104ad43dea340e458e144dc166588f7ff5144"
  }
}
